
Microsoft Visual Studio Solution File, Format Version 12.00
# Visual Studio Version 17
VisualStudioVersion = 17.1.32319.34
MinimumVisualStudioVersion = 10.0.40219.1
Project("{9A19103F-16F7-4668-BE54-9A1E7A4F7556}") = "BDanMuLib", "BDanMuLib\BDanMuLib.csproj", "{5D784522-7058-4CBD-BE1E-09D52E8F6338}"
EndProject
Project("{9A19103F-16F7-4668-BE54-9A1E7A4F7556}") = "DanMuServer", "DanMuServer\DanMuServer.csproj", "{16B9FD70-6621-4737-B7AD-0AE8514D2CCB}"
EndProject
Project("{FAE04EC0-301F-11D3-BF4B-00C04F79EFBC}") = "Test", "Test\Test.csproj", "{E99963BA-2476-430A-A908-3CF9AB958289}"
EndProject
Global
	GlobalSection(SolutionConfigurationPlatforms) = preSolution
		Debug|Any CPU = Debug|Any CPU
		Debug|x64 = Debug|x64
		Release|Any CPU = Release|Any CPU
		Release|x64 = Release|x64
	EndGlobalSection
	GlobalSection(ProjectConfigurationPlatforms) = postSolution
		{5D784522-7058-4CBD-BE1E-09D52E8F6338}.Debug|Any CPU.ActiveCfg = Debug|Any CPU
		{5D784522-7058-4CBD-BE1E-09D52E8F6338}.Debug|Any CPU.Build.0 = Debug|Any CPU
		{5D784522-7058-4CBD-BE1E-09D52E8F6338}.Debug|x64.ActiveCfg = Release|Any CPU
		{5D784522-7058-4CBD-BE1E-09D52E8F6338}.Debug|x64.Build.0 = Release|Any CPU
		{5D784522-7058-4CBD-BE1E-09D52E8F6338}.Release|Any CPU.ActiveCfg = Release|Any CPU
		{5D784522-7058-4CBD-BE1E-09D52E8F6338}.Release|Any CPU.Build.0 = Release|Any CPU
		{5D784522-7058-4CBD-BE1E-09D52E8F6338}.Release|x64.ActiveCfg = Release|Any CPU
		{5D784522-7058-4CBD-BE1E-09D52E8F6338}.Release|x64.Build.0 = Release|Any CPU
		{16B9FD70-6621-4737-B7AD-0AE8514D2CCB}.Debug|Any CPU.ActiveCfg = Debug|Any CPU
		{16B9FD70-6621-4737-B7AD-0AE8514D2CCB}.Debug|Any CPU.Build.0 = Debug|Any CPU
		{16B9FD70-6621-4737-B7AD-0AE8514D2CCB}.Debug|x64.ActiveCfg = Debug|x64
		{16B9FD70-6621-4737-B7AD-0AE8514D2CCB}.Debug|x64.Build.0 = Debug|x64
		{16B9FD70-6621-4737-B7AD-0AE8514D2CCB}.Release|Any CPU.ActiveCfg = Release|Any CPU
		{16B9FD70-6621-4737-B7AD-0AE8514D2CCB}.Release|Any CPU.Build.0 = Release|Any CPU
		{16B9FD70-6621-4737-B7AD-0AE8514D2CCB}.Release|x64.ActiveCfg = Release|x64
		{16B9FD70-6621-4737-B7AD-0AE8514D2CCB}.Release|x64.Build.0 = Release|x64
		{E99963BA-2476-430A-A908-3CF9AB958289}.Debug|Any CPU.ActiveCfg = Debug|Any CPU
		{E99963BA-2476-430A-A908-3CF9AB958289}.Debug|Any CPU.Build.0 = Debug|Any CPU
		{E99963BA-2476-430A-A908-3CF9AB958289}.Debug|x64.ActiveCfg = Debug|Any CPU
		{E99963BA-2476-430A-A908-3CF9AB958289}.Debug|x64.Build.0 = Debug|Any CPU
		{E99963BA-2476-430A-A908-3CF9AB958289}.Release|Any CPU.ActiveCfg = Release|Any CPU
		{E99963BA-2476-430A-A908-3CF9AB958289}.Release|Any CPU.Build.0 = Release|Any CPU
		{E99963BA-2476-430A-A908-3CF9AB958289}.Release|x64.ActiveCfg = Release|Any CPU
		{E99963BA-2476-430A-A908-3CF9AB958289}.Release|x64.Build.0 = Release|Any CPU
	EndGlobalSection
	GlobalSection(SolutionProperties) = preSolution
		HideSolutionNode = FALSE
	EndGlobalSection
	GlobalSection(ExtensibilityGlobals) = postSolution
		SolutionGuid = {BDF78C7A-8B9E-4569-A489-8965F379222E}
	EndGlobalSection
EndGlobal
