
Microsoft Visual Studio Solution File, Format Version 12.00
# Visual Studio Version 17
VisualStudioVersion = 17.1.32319.34
MinimumVisualStudioVersion = 10.0.40219.1
Project("{9A19103F-16F7-4668-BE54-9A1E7A4F7556}") = "TestInConsole", "TestInConsole\TestInConsole.csproj", "{8A90D4E5-F925-48E7-8300-EE8545880E21}"
EndProject
Project("{9A19103F-16F7-4668-BE54-9A1E7A4F7556}") = "BDanMuLib", "BDanMuLib\BDanMuLib.csproj", "{5D784522-7058-4CBD-BE1E-09D52E8F6338}"
EndProject
Project("{FAE04EC0-301F-11D3-BF4B-00C04F79EFBC}") = "DanMuServer", "DanMuServer\DanMuServer.csproj", "{DE7EBC0A-4336-48E0-A74A-83C05895E3F9}"
EndProject
Global
	GlobalSection(SolutionConfigurationPlatforms) = preSolution
		Debug|Any CPU = Debug|Any CPU
		Release|Any CPU = Release|Any CPU
	EndGlobalSection
	GlobalSection(ProjectConfigurationPlatforms) = postSolution
		{8A90D4E5-F925-48E7-8300-EE8545880E21}.Debug|Any CPU.ActiveCfg = Debug|Any CPU
		{8A90D4E5-F925-48E7-8300-EE8545880E21}.Debug|Any CPU.Build.0 = Debug|Any CPU
		{8A90D4E5-F925-48E7-8300-EE8545880E21}.Release|Any CPU.ActiveCfg = Release|Any CPU
		{8A90D4E5-F925-48E7-8300-EE8545880E21}.Release|Any CPU.Build.0 = Release|Any CPU
		{5D784522-7058-4CBD-BE1E-09D52E8F6338}.Debug|Any CPU.ActiveCfg = Debug|Any CPU
		{5D784522-7058-4CBD-BE1E-09D52E8F6338}.Debug|Any CPU.Build.0 = Debug|Any CPU
		{5D784522-7058-4CBD-BE1E-09D52E8F6338}.Release|Any CPU.ActiveCfg = Release|Any CPU
		{5D784522-7058-4CBD-BE1E-09D52E8F6338}.Release|Any CPU.Build.0 = Release|Any CPU
		{DE7EBC0A-4336-48E0-A74A-83C05895E3F9}.Debug|Any CPU.ActiveCfg = Debug|Any CPU
		{DE7EBC0A-4336-48E0-A74A-83C05895E3F9}.Debug|Any CPU.Build.0 = Debug|Any CPU
		{DE7EBC0A-4336-48E0-A74A-83C05895E3F9}.Release|Any CPU.ActiveCfg = Release|Any CPU
		{DE7EBC0A-4336-48E0-A74A-83C05895E3F9}.Release|Any CPU.Build.0 = Release|Any CPU
	EndGlobalSection
	GlobalSection(SolutionProperties) = preSolution
		HideSolutionNode = FALSE
	EndGlobalSection
	GlobalSection(ExtensibilityGlobals) = postSolution
		SolutionGuid = {BDF78C7A-8B9E-4569-A489-8965F379222E}
	EndGlobalSection
EndGlobal
